// !$*UTF8*$!
{
	archiveVersion = 1;
	classes = {
	};
	objectVersion = 46;
	objects = {

/* Begin PBXBuildFile section */
		37D6FD991E3C87A1D85929BF /* Pods_BagHarv.framework in Frameworks */ = {isa = PBXBuildFile; fileRef = C6D52B81AC59DB2F75C23B95 /* Pods_BagHarv.framework */; };
		C10283E42033DD50006FE67B /* PostDetailCell.swift in Sources */ = {isa = PBXBuildFile; fileRef = C10283E32033DD50006FE67B /* PostDetailCell.swift */; };
		C15B4A31201044720033E495 /* AppDelegate.swift in Sources */ = {isa = PBXBuildFile; fileRef = C15B4A30201044720033E495 /* AppDelegate.swift */; };
		C15B4A33201044720033E495 /* RegisterVC.swift in Sources */ = {isa = PBXBuildFile; fileRef = C15B4A32201044720033E495 /* RegisterVC.swift */; };
		C15B4A36201044720033E495 /* Main.storyboard in Resources */ = {isa = PBXBuildFile; fileRef = C15B4A34201044720033E495 /* Main.storyboard */; };
		C15B4A38201044720033E495 /* Assets.xcassets in Resources */ = {isa = PBXBuildFile; fileRef = C15B4A37201044720033E495 /* Assets.xcassets */; };
		C15B4A3B201044720033E495 /* LaunchScreen.storyboard in Resources */ = {isa = PBXBuildFile; fileRef = C15B4A39201044720033E495 /* LaunchScreen.storyboard */; };
		C15B4A48201044C50033E495 /* Global.swift in Sources */ = {isa = PBXBuildFile; fileRef = C15B4A47201044C50033E495 /* Global.swift */; };
		C15B4A4A201045260033E495 /* HomeVC.swift in Sources */ = {isa = PBXBuildFile; fileRef = C15B4A49201045260033E495 /* HomeVC.swift */; };
		C15B4A4C2010453D0033E495 /* LogonVC.swift in Sources */ = {isa = PBXBuildFile; fileRef = C15B4A4B2010453D0033E495 /* LogonVC.swift */; };
		C15B4A4E201197720033E495 /* SearchVC.swift in Sources */ = {isa = PBXBuildFile; fileRef = C15B4A4D201197720033E495 /* SearchVC.swift */; };
		C15B4A502011977F0033E495 /* LikeVC.swift in Sources */ = {isa = PBXBuildFile; fileRef = C15B4A4F2011977F0033E495 /* LikeVC.swift */; };
		C15B4A522011978C0033E495 /* MeVC.swift in Sources */ = {isa = PBXBuildFile; fileRef = C15B4A512011978C0033E495 /* MeVC.swift */; };
		C15B4A54201214130033E495 /* GoogleService-Info.plist in Resources */ = {isa = PBXBuildFile; fileRef = C15B4A53201214130033E495 /* GoogleService-Info.plist */; };
		C1AD2251201F467F0096547D /* User.swift in Sources */ = {isa = PBXBuildFile; fileRef = C1AD2250201F467F0096547D /* User.swift */; };
		C1EFFF2920121B8D00D963C4 /* Constants.swift in Sources */ = {isa = PBXBuildFile; fileRef = C1EFFF2820121B8D00D963C4 /* Constants.swift */; };
		C1EFFF2C20121BCD00D963C4 /* DataService.swift in Sources */ = {isa = PBXBuildFile; fileRef = C1EFFF2B20121BCD00D963C4 /* DataService.swift */; };
		C1EFFF2E201607C300D963C4 /* Post.swift in Sources */ = {isa = PBXBuildFile; fileRef = C1EFFF2D201607C300D963C4 /* Post.swift */; };
		C1EFFF302016099700D963C4 /* DiscussionVC.swift in Sources */ = {isa = PBXBuildFile; fileRef = C1EFFF2F2016099700D963C4 /* DiscussionVC.swift */; };
		C1EFFF3220160A3000D963C4 /* HomeCell.swift in Sources */ = {isa = PBXBuildFile; fileRef = C1EFFF3120160A3000D963C4 /* HomeCell.swift */; };
		C1F11B4B20263FCA00526502 /* HomeCollectionViewCell.swift in Sources */ = {isa = PBXBuildFile; fileRef = C1F11B4A20263FCA00526502 /* HomeCollectionViewCell.swift */; };
		C1F11B4D203126D000526502 /* Discussion.swift in Sources */ = {isa = PBXBuildFile; fileRef = C1F11B4C203126D000526502 /* Discussion.swift */; };
		C1F11B4F203147AA00526502 /* PostDetailVC.swift in Sources */ = {isa = PBXBuildFile; fileRef = C1F11B4E203147AA00526502 /* PostDetailVC.swift */; };
		C1F11B512033CF4500526502 /* PostScenarioCell.swift in Sources */ = {isa = PBXBuildFile; fileRef = C1F11B502033CF4500526502 /* PostScenarioCell.swift */; };
/* End PBXBuildFile section */

/* Begin PBXFileReference section */
		72245736630F9CDA200EC049 /* Pods-BagHarv.debug.xcconfig */ = {isa = PBXFileReference; includeInIndex = 1; lastKnownFileType = text.xcconfig; name = "Pods-BagHarv.debug.xcconfig"; path = "Pods/Target Support Files/Pods-BagHarv/Pods-BagHarv.debug.xcconfig"; sourceTree = "<group>"; };
		C10283E32033DD50006FE67B /* PostDetailCell.swift */ = {isa = PBXFileReference; fileEncoding = 4; lastKnownFileType = sourcecode.swift; path = PostDetailCell.swift; sourceTree = "<group>"; };
		C15B4A2D201044720033E495 /* BagHarv.app */ = {isa = PBXFileReference; explicitFileType = wrapper.application; includeInIndex = 0; path = BagHarv.app; sourceTree = BUILT_PRODUCTS_DIR; };
		C15B4A30201044720033E495 /* AppDelegate.swift */ = {isa = PBXFileReference; lastKnownFileType = sourcecode.swift; path = AppDelegate.swift; sourceTree = "<group>"; };
		C15B4A32201044720033E495 /* RegisterVC.swift */ = {isa = PBXFileReference; lastKnownFileType = sourcecode.swift; path = RegisterVC.swift; sourceTree = "<group>"; };
		C15B4A35201044720033E495 /* Base */ = {isa = PBXFileReference; lastKnownFileType = file.storyboard; name = Base; path = Base.lproj/Main.storyboard; sourceTree = "<group>"; };
		C15B4A37201044720033E495 /* Assets.xcassets */ = {isa = PBXFileReference; lastKnownFileType = folder.assetcatalog; path = Assets.xcassets; sourceTree = "<group>"; };
		C15B4A3A201044720033E495 /* Base */ = {isa = PBXFileReference; lastKnownFileType = file.storyboard; name = Base; path = Base.lproj/LaunchScreen.storyboard; sourceTree = "<group>"; };
		C15B4A3C201044720033E495 /* Info.plist */ = {isa = PBXFileReference; lastKnownFileType = text.plist.xml; path = Info.plist; sourceTree = "<group>"; };
		C15B4A47201044C50033E495 /* Global.swift */ = {isa = PBXFileReference; fileEncoding = 4; lastKnownFileType = sourcecode.swift; path = Global.swift; sourceTree = "<group>"; };
		C15B4A49201045260033E495 /* HomeVC.swift */ = {isa = PBXFileReference; fileEncoding = 4; lastKnownFileType = sourcecode.swift; path = HomeVC.swift; sourceTree = "<group>"; };
		C15B4A4B2010453D0033E495 /* LogonVC.swift */ = {isa = PBXFileReference; fileEncoding = 4; lastKnownFileType = sourcecode.swift; path = LogonVC.swift; sourceTree = "<group>"; };
		C15B4A4D201197720033E495 /* SearchVC.swift */ = {isa = PBXFileReference; fileEncoding = 4; lastKnownFileType = sourcecode.swift; path = SearchVC.swift; sourceTree = "<group>"; };
		C15B4A4F2011977F0033E495 /* LikeVC.swift */ = {isa = PBXFileReference; fileEncoding = 4; lastKnownFileType = sourcecode.swift; path = LikeVC.swift; sourceTree = "<group>"; };
		C15B4A512011978C0033E495 /* MeVC.swift */ = {isa = PBXFileReference; fileEncoding = 4; lastKnownFileType = sourcecode.swift; path = MeVC.swift; sourceTree = "<group>"; };
		C15B4A53201214130033E495 /* GoogleService-Info.plist */ = {isa = PBXFileReference; fileEncoding = 4; lastKnownFileType = text.plist.xml; path = "GoogleService-Info.plist"; sourceTree = "<group>"; };
		C1AD2250201F467F0096547D /* User.swift */ = {isa = PBXFileReference; fileEncoding = 4; lastKnownFileType = sourcecode.swift; path = User.swift; sourceTree = "<group>"; };
		C1EFFF2820121B8D00D963C4 /* Constants.swift */ = {isa = PBXFileReference; fileEncoding = 4; lastKnownFileType = sourcecode.swift; path = Constants.swift; sourceTree = "<group>"; };
		C1EFFF2B20121BCD00D963C4 /* DataService.swift */ = {isa = PBXFileReference; fileEncoding = 4; lastKnownFileType = sourcecode.swift; path = DataService.swift; sourceTree = "<group>"; };
		C1EFFF2D201607C300D963C4 /* Post.swift */ = {isa = PBXFileReference; fileEncoding = 4; lastKnownFileType = sourcecode.swift; path = Post.swift; sourceTree = "<group>"; };
		C1EFFF2F2016099700D963C4 /* DiscussionVC.swift */ = {isa = PBXFileReference; fileEncoding = 4; lastKnownFileType = sourcecode.swift; path = DiscussionVC.swift; sourceTree = "<group>"; };
		C1EFFF3120160A3000D963C4 /* HomeCell.swift */ = {isa = PBXFileReference; fileEncoding = 4; lastKnownFileType = sourcecode.swift; path = HomeCell.swift; sourceTree = "<group>"; };
		C1F11B4A20263FCA00526502 /* HomeCollectionViewCell.swift */ = {isa = PBXFileReference; fileEncoding = 4; lastKnownFileType = sourcecode.swift; path = HomeCollectionViewCell.swift; sourceTree = "<group>"; };
		C1F11B4C203126D000526502 /* Discussion.swift */ = {isa = PBXFileReference; fileEncoding = 4; lastKnownFileType = sourcecode.swift; path = Discussion.swift; sourceTree = "<group>"; };
		C1F11B4E203147AA00526502 /* PostDetailVC.swift */ = {isa = PBXFileReference; fileEncoding = 4; lastKnownFileType = sourcecode.swift; path = PostDetailVC.swift; sourceTree = "<group>"; };
		C1F11B502033CF4500526502 /* PostScenarioCell.swift */ = {isa = PBXFileReference; fileEncoding = 4; lastKnownFileType = sourcecode.swift; path = PostScenarioCell.swift; sourceTree = "<group>"; };
		C6D52B81AC59DB2F75C23B95 /* Pods_BagHarv.framework */ = {isa = PBXFileReference; explicitFileType = wrapper.framework; includeInIndex = 0; path = Pods_BagHarv.framework; sourceTree = BUILT_PRODUCTS_DIR; };
		F2ED9C40FB015768A453FEB8 /* Pods-BagHarv.release.xcconfig */ = {isa = PBXFileReference; includeInIndex = 1; lastKnownFileType = text.xcconfig; name = "Pods-BagHarv.release.xcconfig"; path = "Pods/Target Support Files/Pods-BagHarv/Pods-BagHarv.release.xcconfig"; sourceTree = "<group>"; };
/* End PBXFileReference section */

/* Begin PBXFrameworksBuildPhase section */
		C15B4A2A201044720033E495 /* Frameworks */ = {
			isa = PBXFrameworksBuildPhase;
			buildActionMask = 2147483647;
			files = (
				37D6FD991E3C87A1D85929BF /* Pods_BagHarv.framework in Frameworks */,
			);
			runOnlyForDeploymentPostprocessing = 0;
		};
/* End PBXFrameworksBuildPhase section */

/* Begin PBXGroup section */
		974BE896F72941592AADB42A /* Pods */ = {
			isa = PBXGroup;
			children = (
				72245736630F9CDA200EC049 /* Pods-BagHarv.debug.xcconfig */,
				F2ED9C40FB015768A453FEB8 /* Pods-BagHarv.release.xcconfig */,
			);
			name = Pods;
			sourceTree = "<group>";
		};
		C15B4A24201044720033E495 = {
			isa = PBXGroup;
			children = (
				C15B4A2F201044720033E495 /* BagHarv */,
				C15B4A2E201044720033E495 /* Products */,
				974BE896F72941592AADB42A /* Pods */,
				CDFA2057D8901CE63D1748C6 /* Frameworks */,
			);
			sourceTree = "<group>";
		};
		C15B4A2E201044720033E495 /* Products */ = {
			isa = PBXGroup;
			children = (
				C15B4A2D201044720033E495 /* BagHarv.app */,
			);
			name = Products;
			sourceTree = "<group>";
		};
		C15B4A2F201044720033E495 /* BagHarv */ = {
			isa = PBXGroup;
			children = (
				C1EFFF2A20121BBD00D963C4 /* Service */,
				C15B4A46201044A70033E495 /* Global */,
				C15B4A45201044A20033E495 /* Model */,
				C15B4A442010449E0033E495 /* View */,
				C15B4A43201044940033E495 /* Controller */,
				C15B4A30201044720033E495 /* AppDelegate.swift */,
				C15B4A34201044720033E495 /* Main.storyboard */,
				C15B4A37201044720033E495 /* Assets.xcassets */,
				C15B4A39201044720033E495 /* LaunchScreen.storyboard */,
				C15B4A3C201044720033E495 /* Info.plist */,
				C15B4A53201214130033E495 /* GoogleService-Info.plist */,
			);
			path = BagHarv;
			sourceTree = "<group>";
		};
		C15B4A43201044940033E495 /* Controller */ = {
			isa = PBXGroup;
			children = (
				C15B4A32201044720033E495 /* RegisterVC.swift */,
				C15B4A4B2010453D0033E495 /* LogonVC.swift */,
				C15B4A49201045260033E495 /* HomeVC.swift */,
				C15B4A4D201197720033E495 /* SearchVC.swift */,
				C15B4A4F2011977F0033E495 /* LikeVC.swift */,
				C15B4A512011978C0033E495 /* MeVC.swift */,
				C1EFFF2F2016099700D963C4 /* DiscussionVC.swift */,
				C1F11B4E203147AA00526502 /* PostDetailVC.swift */,
			);
			name = Controller;
			sourceTree = "<group>";
		};
		C15B4A442010449E0033E495 /* View */ = {
			isa = PBXGroup;
			children = (
				C1EFFF3120160A3000D963C4 /* HomeCell.swift */,
				C1F11B4A20263FCA00526502 /* HomeCollectionViewCell.swift */,
				C1F11B502033CF4500526502 /* PostScenarioCell.swift */,
				C10283E32033DD50006FE67B /* PostDetailCell.swift */,
			);
			name = View;
			sourceTree = "<group>";
		};
		C15B4A45201044A20033E495 /* Model */ = {
			isa = PBXGroup;
			children = (
				C1EFFF2D201607C300D963C4 /* Post.swift */,
				C1AD2250201F467F0096547D /* User.swift */,
				C1F11B4C203126D000526502 /* Discussion.swift */,
			);
			name = Model;
			sourceTree = "<group>";
		};
		C15B4A46201044A70033E495 /* Global */ = {
			isa = PBXGroup;
			children = (
				C15B4A47201044C50033E495 /* Global.swift */,
				C1EFFF2820121B8D00D963C4 /* Constants.swift */,
			);
			name = Global;
			sourceTree = "<group>";
		};
		C1EFFF2A20121BBD00D963C4 /* Service */ = {
			isa = PBXGroup;
			children = (
				C1EFFF2B20121BCD00D963C4 /* DataService.swift */,
			);
			name = Service;
			sourceTree = "<group>";
		};
		CDFA2057D8901CE63D1748C6 /* Frameworks */ = {
			isa = PBXGroup;
			children = (
				C6D52B81AC59DB2F75C23B95 /* Pods_BagHarv.framework */,
			);
			name = Frameworks;
			sourceTree = "<group>";
		};
/* End PBXGroup section */

/* Begin PBXNativeTarget section */
		C15B4A2C201044720033E495 /* BagHarv */ = {
			isa = PBXNativeTarget;
			buildConfigurationList = C15B4A3F201044720033E495 /* Build configuration list for PBXNativeTarget "BagHarv" */;
			buildPhases = (
				C88C7FD2D67132179A7549B4 /* [CP] Check Pods Manifest.lock */,
				C15B4A29201044720033E495 /* Sources */,
				C15B4A2A201044720033E495 /* Frameworks */,
				C15B4A2B201044720033E495 /* Resources */,
				4DA2520522806E2D8DEE5C65 /* [CP] Embed Pods Frameworks */,
				C7C4AB62675386A00B77D2DC /* [CP] Copy Pods Resources */,
			);
			buildRules = (
			);
			dependencies = (
			);
			name = BagHarv;
			productName = BagHarv;
			productReference = C15B4A2D201044720033E495 /* BagHarv.app */;
			productType = "com.apple.product-type.application";
		};
/* End PBXNativeTarget section */

/* Begin PBXProject section */
		C15B4A25201044720033E495 /* Project object */ = {
			isa = PBXProject;
			attributes = {
				LastSwiftUpdateCheck = 0820;
				LastUpgradeCheck = 0820;
				ORGANIZATIONNAME = "Grandon Lin";
				TargetAttributes = {
					C15B4A2C201044720033E495 = {
						CreatedOnToolsVersion = 8.2.1;
						DevelopmentTeam = UM5SX26C6N;
						ProvisioningStyle = Automatic;
					};
				};
			};
			buildConfigurationList = C15B4A28201044720033E495 /* Build configuration list for PBXProject "BagHarv" */;
			compatibilityVersion = "Xcode 3.2";
			developmentRegion = English;
			hasScannedForEncodings = 0;
			knownRegions = (
				en,
				Base,
			);
			mainGroup = C15B4A24201044720033E495;
			productRefGroup = C15B4A2E201044720033E495 /* Products */;
			projectDirPath = "";
			projectRoot = "";
			targets = (
				C15B4A2C201044720033E495 /* BagHarv */,
			);
		};
/* End PBXProject section */

/* Begin PBXResourcesBuildPhase section */
		C15B4A2B201044720033E495 /* Resources */ = {
			isa = PBXResourcesBuildPhase;
			buildActionMask = 2147483647;
			files = (
				C15B4A3B201044720033E495 /* LaunchScreen.storyboard in Resources */,
				C15B4A54201214130033E495 /* GoogleService-Info.plist in Resources */,
				C15B4A38201044720033E495 /* Assets.xcassets in Resources */,
				C15B4A36201044720033E495 /* Main.storyboard in Resources */,
			);
			runOnlyForDeploymentPostprocessing = 0;
		};
/* End PBXResourcesBuildPhase section */

/* Begin PBXShellScriptBuildPhase section */
		4DA2520522806E2D8DEE5C65 /* [CP] Embed Pods Frameworks */ = {
			isa = PBXShellScriptBuildPhase;
			buildActionMask = 2147483647;
			files = (
			);
			inputPaths = (
			);
			name = "[CP] Embed Pods Frameworks";
			outputPaths = (
			);
			runOnlyForDeploymentPostprocessing = 0;
			shellPath = /bin/sh;
			shellScript = "\"${SRCROOT}/Pods/Target Support Files/Pods-BagHarv/Pods-BagHarv-frameworks.sh\"\n";
			showEnvVarsInLog = 0;
		};
		C7C4AB62675386A00B77D2DC /* [CP] Copy Pods Resources */ = {
			isa = PBXShellScriptBuildPhase;
			buildActionMask = 2147483647;
			files = (
			);
			inputPaths = (
			);
			name = "[CP] Copy Pods Resources";
			outputPaths = (
			);
			runOnlyForDeploymentPostprocessing = 0;
			shellPath = /bin/sh;
			shellScript = "\"${SRCROOT}/Pods/Target Support Files/Pods-BagHarv/Pods-BagHarv-resources.sh\"\n";
			showEnvVarsInLog = 0;
		};
		C88C7FD2D67132179A7549B4 /* [CP] Check Pods Manifest.lock */ = {
			isa = PBXShellScriptBuildPhase;
			buildActionMask = 2147483647;
			files = (
			);
			inputPaths = (
			);
			name = "[CP] Check Pods Manifest.lock";
			outputPaths = (
			);
			runOnlyForDeploymentPostprocessing = 0;
			shellPath = /bin/sh;
			shellScript = "diff \"${PODS_ROOT}/../Podfile.lock\" \"${PODS_ROOT}/Manifest.lock\" > /dev/null\nif [ $? != 0 ] ; then\n    # print error to STDERR\n    echo \"error: The sandbox is not in sync with the Podfile.lock. Run 'pod install' or update your CocoaPods installation.\" >&2\n    exit 1\nfi\n";
			showEnvVarsInLog = 0;
		};
/* End PBXShellScriptBuildPhase section */

/* Begin PBXSourcesBuildPhase section */
		C15B4A29201044720033E495 /* Sources */ = {
			isa = PBXSourcesBuildPhase;
			buildActionMask = 2147483647;
			files = (
				C10283E42033DD50006FE67B /* PostDetailCell.swift in Sources */,
				C15B4A522011978C0033E495 /* MeVC.swift in Sources */,
				C1EFFF2E201607C300D963C4 /* Post.swift in Sources */,
				C15B4A502011977F0033E495 /* LikeVC.swift in Sources */,
				C15B4A4E201197720033E495 /* SearchVC.swift in Sources */,
				C15B4A33201044720033E495 /* RegisterVC.swift in Sources */,
				C1F11B4B20263FCA00526502 /* HomeCollectionViewCell.swift in Sources */,
				C15B4A4A201045260033E495 /* HomeVC.swift in Sources */,
				C1AD2251201F467F0096547D /* User.swift in Sources */,
				C15B4A31201044720033E495 /* AppDelegate.swift in Sources */,
				C1F11B512033CF4500526502 /* PostScenarioCell.swift in Sources */,
				C1EFFF3220160A3000D963C4 /* HomeCell.swift in Sources */,
				C1EFFF302016099700D963C4 /* DiscussionVC.swift in Sources */,
				C15B4A4C2010453D0033E495 /* LogonVC.swift in Sources */,
				C15B4A48201044C50033E495 /* Global.swift in Sources */,
				C1EFFF2920121B8D00D963C4 /* Constants.swift in Sources */,
				C1F11B4F203147AA00526502 /* PostDetailVC.swift in Sources */,
				C1EFFF2C20121BCD00D963C4 /* DataService.swift in Sources */,
				C1F11B4D203126D000526502 /* Discussion.swift in Sources */,
			);
			runOnlyForDeploymentPostprocessing = 0;
		};
/* End PBXSourcesBuildPhase section */

/* Begin PBXVariantGroup section */
		C15B4A34201044720033E495 /* Main.storyboard */ = {
			isa = PBXVariantGroup;
			children = (
				C15B4A35201044720033E495 /* Base */,
			);
			name = Main.storyboard;
			sourceTree = "<group>";
		};
		C15B4A39201044720033E495 /* LaunchScreen.storyboard */ = {
			isa = PBXVariantGroup;
			children = (
				C15B4A3A201044720033E495 /* Base */,
			);
			name = LaunchScreen.storyboard;
			sourceTree = "<group>";
		};
/* End PBXVariantGroup section */

/* Begin XCBuildConfiguration section */
		C15B4A3D201044720033E495 /* Debug */ = {
			isa = XCBuildConfiguration;
			buildSettings = {
				ALWAYS_SEARCH_USER_PATHS = NO;
				CLANG_ANALYZER_NONNULL = YES;
				CLANG_CXX_LANGUAGE_STANDARD = "gnu++0x";
				CLANG_CXX_LIBRARY = "libc++";
				CLANG_ENABLE_MODULES = YES;
				CLANG_ENABLE_OBJC_ARC = YES;
				CLANG_WARN_BOOL_CONVERSION = YES;
				CLANG_WARN_CONSTANT_CONVERSION = YES;
				CLANG_WARN_DIRECT_OBJC_ISA_USAGE = YES_ERROR;
				CLANG_WARN_DOCUMENTATION_COMMENTS = YES;
				CLANG_WARN_EMPTY_BODY = YES;
				CLANG_WARN_ENUM_CONVERSION = YES;
				CLANG_WARN_INFINITE_RECURSION = YES;
				CLANG_WARN_INT_CONVERSION = YES;
				CLANG_WARN_OBJC_ROOT_CLASS = YES_ERROR;
				CLANG_WARN_SUSPICIOUS_MOVE = YES;
				CLANG_WARN_UNREACHABLE_CODE = YES;
				CLANG_WARN__DUPLICATE_METHOD_MATCH = YES;
				"CODE_SIGN_IDENTITY[sdk=iphoneos*]" = "iPhone Developer";
				COPY_PHASE_STRIP = NO;
				DEBUG_INFORMATION_FORMAT = dwarf;
				ENABLE_STRICT_OBJC_MSGSEND = YES;
				ENABLE_TESTABILITY = YES;
				GCC_C_LANGUAGE_STANDARD = gnu99;
				GCC_DYNAMIC_NO_PIC = NO;
				GCC_NO_COMMON_BLOCKS = YES;
				GCC_OPTIMIZATION_LEVEL = 0;
				GCC_PREPROCESSOR_DEFINITIONS = (
					"DEBUG=1",
					"$(inherited)",
				);
				GCC_WARN_64_TO_32_BIT_CONVERSION = YES;
				GCC_WARN_ABOUT_RETURN_TYPE = YES_ERROR;
				GCC_WARN_UNDECLARED_SELECTOR = YES;
				GCC_WARN_UNINITIALIZED_AUTOS = YES_AGGRESSIVE;
				GCC_WARN_UNUSED_FUNCTION = YES;
				GCC_WARN_UNUSED_VARIABLE = YES;
				IPHONEOS_DEPLOYMENT_TARGET = 10.2;
				MTL_ENABLE_DEBUG_INFO = YES;
				ONLY_ACTIVE_ARCH = YES;
				SDKROOT = iphoneos;
				SWIFT_ACTIVE_COMPILATION_CONDITIONS = DEBUG;
				SWIFT_OPTIMIZATION_LEVEL = "-Onone";
				TARGETED_DEVICE_FAMILY = "1,2";
			};
			name = Debug;
		};
		C15B4A3E201044720033E495 /* Release */ = {
			isa = XCBuildConfiguration;
			buildSettings = {
				ALWAYS_SEARCH_USER_PATHS = NO;
				CLANG_ANALYZER_NONNULL = YES;
				CLANG_CXX_LANGUAGE_STANDARD = "gnu++0x";
				CLANG_CXX_LIBRARY = "libc++";
				CLANG_ENABLE_MODULES = YES;
				CLANG_ENABLE_OBJC_ARC = YES;
				CLANG_WARN_BOOL_CONVERSION = YES;
				CLANG_WARN_CONSTANT_CONVERSION = YES;
				CLANG_WARN_DIRECT_OBJC_ISA_USAGE = YES_ERROR;
				CLANG_WARN_DOCUMENTATION_COMMENTS = YES;
				CLANG_WARN_EMPTY_BODY = YES;
				CLANG_WARN_ENUM_CONVERSION = YES;
				CLANG_WARN_INFINITE_RECURSION = YES;
				CLANG_WARN_INT_CONVERSION = YES;
				CLANG_WARN_OBJC_ROOT_CLASS = YES_ERROR;
				CLANG_WARN_SUSPICIOUS_MOVE = YES;
				CLANG_WARN_UNREACHABLE_CODE = YES;
				CLANG_WARN__DUPLICATE_METHOD_MATCH = YES;
				"CODE_SIGN_IDENTITY[sdk=iphoneos*]" = "iPhone Developer";
				COPY_PHASE_STRIP = NO;
				DEBUG_INFORMATION_FORMAT = "dwarf-with-dsym";
				ENABLE_NS_ASSERTIONS = NO;
				ENABLE_STRICT_OBJC_MSGSEND = YES;
				GCC_C_LANGUAGE_STANDARD = gnu99;
				GCC_NO_COMMON_BLOCKS = YES;
				GCC_WARN_64_TO_32_BIT_CONVERSION = YES;
				GCC_WARN_ABOUT_RETURN_TYPE = YES_ERROR;
				GCC_WARN_UNDECLARED_SELECTOR = YES;
				GCC_WARN_UNINITIALIZED_AUTOS = YES_AGGRESSIVE;
				GCC_WARN_UNUSED_FUNCTION = YES;
				GCC_WARN_UNUSED_VARIABLE = YES;
				IPHONEOS_DEPLOYMENT_TARGET = 10.2;
				MTL_ENABLE_DEBUG_INFO = NO;
				SDKROOT = iphoneos;
				SWIFT_OPTIMIZATION_LEVEL = "-Owholemodule";
				TARGETED_DEVICE_FAMILY = "1,2";
				VALIDATE_PRODUCT = YES;
			};
			name = Release;
		};
		C15B4A40201044720033E495 /* Debug */ = {
			isa = XCBuildConfiguration;
			baseConfigurationReference = 72245736630F9CDA200EC049 /* Pods-BagHarv.debug.xcconfig */;
			buildSettings = {
				ASSETCATALOG_COMPILER_APPICON_NAME = AppIcon;
				DEVELOPMENT_TEAM = UM5SX26C6N;
				INFOPLIST_FILE = BagHarv/Info.plist;
				LD_RUNPATH_SEARCH_PATHS = "$(inherited) @executable_path/Frameworks";
				PRODUCT_BUNDLE_IDENTIFIER = com.example.BagHarv;
				PRODUCT_NAME = "$(TARGET_NAME)";
				SWIFT_VERSION = 3.0;
			};
			name = Debug;
		};
		C15B4A41201044720033E495 /* Release */ = {
			isa = XCBuildConfiguration;
			baseConfigurationReference = F2ED9C40FB015768A453FEB8 /* Pods-BagHarv.release.xcconfig */;
			buildSettings = {
				ASSETCATALOG_COMPILER_APPICON_NAME = AppIcon;
				DEVELOPMENT_TEAM = UM5SX26C6N;
				INFOPLIST_FILE = BagHarv/Info.plist;
				LD_RUNPATH_SEARCH_PATHS = "$(inherited) @executable_path/Frameworks";
				PRODUCT_BUNDLE_IDENTIFIER = com.example.BagHarv;
				PRODUCT_NAME = "$(TARGET_NAME)";
				SWIFT_VERSION = 3.0;
			};
			name = Release;
		};
/* End XCBuildConfiguration section */

/* Begin XCConfigurationList section */
		C15B4A28201044720033E495 /* Build configuration list for PBXProject "BagHarv" */ = {
			isa = XCConfigurationList;
			buildConfigurations = (
				C15B4A3D201044720033E495 /* Debug */,
				C15B4A3E201044720033E495 /* Release */,
			);
			defaultConfigurationIsVisible = 0;
			defaultConfigurationName = Release;
		};
		C15B4A3F201044720033E495 /* Build configuration list for PBXNativeTarget "BagHarv" */ = {
			isa = XCConfigurationList;
			buildConfigurations = (
				C15B4A40201044720033E495 /* Debug */,
				C15B4A41201044720033E495 /* Release */,
			);
			defaultConfigurationIsVisible = 0;
			defaultConfigurationName = Release;
		};
/* End XCConfigurationList section */
	};
	rootObject = C15B4A25201044720033E495 /* Project object */;
}
